[[package]]
name = "annotated-types"
version = "0.5.0"
description = "Reusable constraint types to use with typing.Annotated"
category = "main"
optional = false
python-versions = ">=3.7"

[package.source]
type = "legacy"
url = "https://europe-west4-python.pkg.dev/mol-data-ml-org/pypi-mirror-prod/simple"
reference = "mollie-pypi-mirror-prod"

[[package]]
name = "gin-config"
version = "0.5.0"
description = "Gin-Config: A lightweight configuration library for Python"
category = "main"
optional = false
python-versions = "*"

[package.extras]
pytorch-nightly = ["pytorch-nightly"]
tensorflow = ["tensorflow (>=1.13.0)"]
tensorflow-gpu = ["tensorflow-gpu (>=1.13.0)"]
testing = ["absl-py (>=0.1.6)", "mock (>=3.0.5)", "nose"]
tf-nightly = ["tf-nightly"]
torch = ["torch (>=1.3.0)"]

[package.source]
type = "legacy"
url = "https://europe-west4-python.pkg.dev/mol-data-ml-org/pypi-mirror-prod/simple"
reference = "mollie-pypi-mirror-prod"

[[package]]
name = "numpy"
version = "1.25.0"
description = "Fundamental package for array computing in Python"
category = "main"
optional = false
python-versions = ">=3.9"

[package.source]
type = "legacy"
url = "https://europe-west4-python.pkg.dev/mol-data-ml-org/pypi-mirror-prod/simple"
reference = "mollie-pypi-mirror-prod"

[[package]]
name = "pandas"
version = "2.0.2"
description = "Powerful data structures for data analysis, time series, and statistics"
category = "main"
optional = false
python-versions = ">=3.8"

[package.dependencies]
numpy = [
    {version = ">=1.20.3", markers = "python_version < \"3.10\""},
    {version = ">=1.21.0", markers = "python_version >= \"3.10\""},
    {version = ">=1.23.2", markers = "python_version >= \"3.11\""},
]
python-dateutil = ">=2.8.2"
pytz = ">=2020.1"
tzdata = ">=2022.1"

[package.extras]
all = ["PyQt5 (>=5.15.1)", "SQLAlchemy (>=1.4.16)", "beautifulsoup4 (>=4.9.3)", "bottleneck (>=1.3.2)", "brotlipy (>=0.7.0)", "fastparquet (>=0.6.3)", "fsspec (>=2021.07.0)", "gcsfs (>=2021.07.0)", "html5lib (>=1.1)", "hypothesis (>=6.34.2)", "jinja2 (>=3.0.0)", "lxml (>=4.6.3)", "matplotlib (>=3.6.1)", "numba (>=0.53.1)", "numexpr (>=2.7.3)", "odfpy (>=1.4.1)", "openpyxl (>=3.0.7)", "pandas-gbq (>=0.15.0)", "psycopg2 (>=2.8.6)", "pyarrow (>=7.0.0)", "pymysql (>=1.0.2)", "pyreadstat (>=1.1.2)", "pytest (>=7.0.0)", "pytest-asyncio (>=0.17.0)", "pytest-xdist (>=2.2.0)", "python-snappy (>=0.6.0)", "pyxlsb (>=1.0.8)", "qtpy (>=2.2.0)", "s3fs (>=2021.08.0)", "scipy (>=1.7.1)", "tables (>=3.6.1)", "tabulate (>=0.8.9)", "xarray (>=0.21.0)", "xlrd (>=2.0.1)", "xlsxwriter (>=1.4.3)", "zstandard (>=0.15.2)"]
aws = ["s3fs (>=2021.08.0)"]
clipboard = ["PyQt5 (>=5.15.1)", "qtpy (>=2.2.0)"]
compression = ["brotlipy (>=0.7.0)", "python-snappy (>=0.6.0)", "zstandard (>=0.15.2)"]
computation = ["scipy (>=1.7.1)", "xarray (>=0.21.0)"]
excel = ["odfpy (>=1.4.1)", "openpyxl (>=3.0.7)", "pyxlsb (>=1.0.8)", "xlrd (>=2.0.1)", "xlsxwriter (>=1.4.3)"]
feather = ["pyarrow (>=7.0.0)"]
fss = ["fsspec (>=2021.07.0)"]
gcp = ["gcsfs (>=2021.07.0)", "pandas-gbq (>=0.15.0)"]
hdf5 = ["tables (>=3.6.1)"]
html = ["beautifulsoup4 (>=4.9.3)", "html5lib (>=1.1)", "lxml (>=4.6.3)"]
mysql = ["SQLAlchemy (>=1.4.16)", "pymysql (>=1.0.2)"]
output-formatting = ["jinja2 (>=3.0.0)", "tabulate (>=0.8.9)"]
parquet = ["pyarrow (>=7.0.0)"]
performance = ["bottleneck (>=1.3.2)", "numba (>=0.53.1)", "numexpr (>=2.7.1)"]
plot = ["matplotlib (>=3.6.1)"]
postgresql = ["SQLAlchemy (>=1.4.16)", "psycopg2 (>=2.8.6)"]
spss = ["pyreadstat (>=1.1.2)"]
sql-other = ["SQLAlchemy (>=1.4.16)"]
test = ["hypothesis (>=6.34.2)", "pytest (>=7.0.0)", "pytest-asyncio (>=0.17.0)", "pytest-xdist (>=2.2.0)"]
xml = ["lxml (>=4.6.3)"]

[package.source]
type = "legacy"
url = "https://europe-west4-python.pkg.dev/mol-data-ml-org/pypi-mirror-prod/simple"
reference = "mollie-pypi-mirror-prod"

[[package]]
name = "pydantic"
version = "2.0"
description = "Data validation using Python type hints"
category = "main"
optional = false
python-versions = ">=3.7"

[package.dependencies]
annotated-types = ">=0.4.0"
pydantic-core = "2.0.1"
typing-extensions = ">=4.6.1"

[package.extras]
email = ["email-validator (>=2.0.0)"]

[package.source]
type = "legacy"
url = "https://europe-west4-python.pkg.dev/mol-data-ml-org/pypi-mirror-prod/simple"
reference = "mollie-pypi-mirror-prod"

[[package]]
name = "pydantic-core"
version = "2.0.1"
description = ""
category = "main"
optional = false
python-versions = ">=3.7"

[package.dependencies]
typing-extensions = [
    {version = ">=4.6.0", markers = "platform_python_implementation != \"PyPy\""},
    {version = ">=4.6.0,<4.7.0", markers = "platform_python_implementation == \"PyPy\""},
]

[package.source]
type = "legacy"
url = "https://europe-west4-python.pkg.dev/mol-data-ml-org/pypi-mirror-prod/simple"
reference = "mollie-pypi-mirror-prod"

[[package]]
name = "python-dateutil"
version = "2.8.2"
description = "Extensions to the standard Python datetime module"
category = "main"
optional = false
python-versions = "!=3.0.*,!=3.1.*,!=3.2.*,>=2.7"

[package.dependencies]
six = ">=1.5"

[package.source]
type = "legacy"
url = "https://europe-west4-python.pkg.dev/mol-data-ml-org/pypi-mirror-prod/simple"
reference = "mollie-pypi-mirror-prod"

[[package]]
name = "pytz"
version = "2023.3"
description = "World timezone definitions, modern and historical"
category = "main"
optional = false
python-versions = "*"

[package.source]
type = "legacy"
url = "https://europe-west4-python.pkg.dev/mol-data-ml-org/pypi-mirror-prod/simple"
reference = "mollie-pypi-mirror-prod"

[[package]]
name = "six"
version = "1.16.0"
description = "Python 2 and 3 compatibility utilities"
category = "main"
optional = false
python-versions = ">=2.7, !=3.0.*, !=3.1.*, !=3.2.*"

[package.source]
type = "legacy"
url = "https://europe-west4-python.pkg.dev/mol-data-ml-org/pypi-mirror-prod/simple"
reference = "mollie-pypi-mirror-prod"

[[package]]
name = "typing-extensions"
version = "4.6.3"
description = "Backported and Experimental Type Hints for Python 3.7+"
category = "main"
optional = false
python-versions = ">=3.7"

[package.source]
type = "legacy"
url = "https://europe-west4-python.pkg.dev/mol-data-ml-org/pypi-mirror-prod/simple"
reference = "mollie-pypi-mirror-prod"

[[package]]
name = "typing-extensions"
version = "4.7.0"
description = "Backported and Experimental Type Hints for Python 3.7+"
category = "main"
optional = false
python-versions = ">=3.7"

[package.source]
type = "legacy"
url = "https://europe-west4-python.pkg.dev/mol-data-ml-org/pypi-mirror-prod/simple"
reference = "mollie-pypi-mirror-prod"

[[package]]
name = "tzdata"
version = "2023.3"
description = "Provider of IANA time zone data"
category = "main"
optional = false
python-versions = ">=2"

[package.source]
type = "legacy"
url = "https://europe-west4-python.pkg.dev/mol-data-ml-org/pypi-mirror-prod/simple"
reference = "mollie-pypi-mirror-prod"

[metadata]
lock-version = "1.1"
python-versions = "^3.9"
content-hash = "60d55043c94707c82742c6055445da90d07ef5fd73b0b865edd68e807d5dfaf3"

[metadata.files]
annotated-types = [
    {file = "annotated_types-0.5.0-py3-none-any.whl", hash = "sha256:58da39888f92c276ad970249761ebea80ba544b77acddaa1a4d6cf78287d45fd"},
    {file = "annotated_types-0.5.0.tar.gz", hash = "sha256:47cdc3490d9ac1506ce92c7aaa76c579dc3509ff11e098fc867e5130ab7be802"},
]
gin-config = [
    {file = "gin-config-0.5.0.tar.gz", hash = "sha256:0c6ea5026ded927c8c93c990b01c695257c1df446e45e549a158cfbc79e19ed6"},
    {file = "gin_config-0.5.0-py3-none-any.whl", hash = "sha256:bddb7ca221ea2b46cdb59321e79fecf02d6e3b728906047fcd4076c297609fd6"},
]
numpy = [
    {file = "numpy-1.25.0-cp310-cp310-macosx_10_9_x86_64.whl", hash = "sha256:8aa130c3042052d656751df5e81f6d61edff3e289b5994edcf77f54118a8d9f4"},
    {file = "numpy-1.25.0-cp310-cp310-macosx_11_0_arm64.whl", hash = "sha256:9e3f2b96e3b63c978bc29daaa3700c028fe3f049ea3031b58aa33fe2a5809d24"},
    {file = "numpy-1.25.0-cp310-cp310-manylinux_2_17_aarch64.manylinux2014_aarch64.whl", hash = "sha256:d6b267f349a99d3908b56645eebf340cb58f01bd1e773b4eea1a905b3f0e4208"},
    {file = "numpy-1.25.0-cp310-cp310-manylinux_2_17_x86_64.manylinux2014_x86_64.whl", hash = "sha256:4aedd08f15d3045a4e9c648f1e04daca2ab1044256959f1f95aafeeb3d794c16"},
    {file = "numpy-1.25.0-cp310-cp310-musllinux_1_1_x86_64.whl", hash = "sha256:6d183b5c58513f74225c376643234c369468e02947b47942eacbb23c1671f25d"},
    {file = "numpy-1.25.0-cp310-cp310-win32.whl", hash = "sha256:d76a84998c51b8b68b40448ddd02bd1081bb33abcdc28beee6cd284fe11036c6"},
    {file = "numpy-1.25.0-cp310-cp310-win_amd64.whl", hash = "sha256:c0dc071017bc00abb7d7201bac06fa80333c6314477b3d10b52b58fa6a6e38f6"},
    {file = "numpy-1.25.0-cp311-cp311-macosx_10_9_x86_64.whl", hash = "sha256:4c69fe5f05eea336b7a740e114dec995e2f927003c30702d896892403df6dbf0"},
    {file = "numpy-1.25.0-cp311-cp311-macosx_11_0_arm64.whl", hash = "sha256:9c7211d7920b97aeca7b3773a6783492b5b93baba39e7c36054f6e749fc7490c"},
    {file = "numpy-1.25.0-cp311-cp311-manylinux_2_17_aarch64.manylinux2014_aarch64.whl", hash = "sha256:ecc68f11404930e9c7ecfc937aa423e1e50158317bf67ca91736a9864eae0232"},
    {file = "numpy-1.25.0-cp311-cp311-manylinux_2_17_x86_64.manylinux2014_x86_64.whl", hash = "sha256:e559c6afbca484072a98a51b6fa466aae785cfe89b69e8b856c3191bc8872a82"},
    {file = "numpy-1.25.0-cp311-cp311-musllinux_1_1_x86_64.whl", hash = "sha256:6c284907e37f5e04d2412950960894b143a648dea3f79290757eb878b91acbd1"},
    {file = "numpy-1.25.0-cp311-cp311-win32.whl", hash = "sha256:95367ccd88c07af21b379be1725b5322362bb83679d36691f124a16357390153"},
    {file = "numpy-1.25.0-cp311-cp311-win_amd64.whl", hash = "sha256:b76aa836a952059d70a2788a2d98cb2a533ccd46222558b6970348939e55fc24"},
    {file = "numpy-1.25.0-cp39-cp39-macosx_10_9_x86_64.whl", hash = "sha256:b792164e539d99d93e4e5e09ae10f8cbe5466de7d759fc155e075237e0c274e4"},
    {file = "numpy-1.25.0-cp39-cp39-macosx_11_0_arm64.whl", hash = "sha256:7cd981ccc0afe49b9883f14761bb57c964df71124dcd155b0cba2b591f0d64b9"},
    {file = "numpy-1.25.0-cp39-cp39-manylinux_2_17_aarch64.manylinux2014_aarch64.whl", hash = "sha256:5aa48bebfb41f93043a796128854b84407d4df730d3fb6e5dc36402f5cd594c0"},
    {file = "numpy-1.25.0-cp39-cp39-manylinux_2_17_x86_64.manylinux2014_x86_64.whl", hash = "sha256:5177310ac2e63d6603f659fadc1e7bab33dd5a8db4e0596df34214eeab0fee3b"},
    {file = "numpy-1.25.0-cp39-cp39-musllinux_1_1_x86_64.whl", hash = "sha256:0ac6edfb35d2a99aaf102b509c8e9319c499ebd4978df4971b94419a116d0790"},
    {file = "numpy-1.25.0-cp39-cp39-win32.whl", hash = "sha256:7412125b4f18aeddca2ecd7219ea2d2708f697943e6f624be41aa5f8a9852cc4"},
    {file = "numpy-1.25.0-cp39-cp39-win_amd64.whl", hash = "sha256:26815c6c8498dc49d81faa76d61078c4f9f0859ce7817919021b9eba72b425e3"},
    {file = "numpy-1.25.0-pp39-pypy39_pp73-macosx_10_9_x86_64.whl", hash = "sha256:5b1b90860bf7d8a8c313b372d4f27343a54f415b20fb69dd601b7efe1029c91e"},
    {file = "numpy-1.25.0-pp39-pypy39_pp73-manylinux_2_17_x86_64.manylinux2014_x86_64.whl", hash = "sha256:85cdae87d8c136fd4da4dad1e48064d700f63e923d5af6c8c782ac0df8044542"},
    {file = "numpy-1.25.0-pp39-pypy39_pp73-win_amd64.whl", hash = "sha256:cc3fda2b36482891db1060f00f881c77f9423eead4c3579629940a3e12095fe8"},
    {file = "numpy-1.25.0.tar.gz", hash = "sha256:f1accae9a28dc3cda46a91de86acf69de0d1b5f4edd44a9b0c3ceb8036dfff19"},
]
pandas = [
    {file = "pandas-2.0.2-cp310-cp310-macosx_10_9_x86_64.whl", hash = "sha256:9ebb9f1c22ddb828e7fd017ea265a59d80461d5a79154b49a4207bd17514d122"},
    {file = "pandas-2.0.2-cp310-cp310-macosx_11_0_arm64.whl", hash = "sha256:1eb09a242184092f424b2edd06eb2b99d06dc07eeddff9929e8667d4ed44e181"},
    {file = "pandas-2.0.2-cp310-cp310-manylinux_2_17_aarch64.manylinux2014_aarch64.whl", hash = "sha256:c7319b6e68de14e6209460f72a8d1ef13c09fb3d3ef6c37c1e65b35d50b5c145"},
    {file = "pandas-2.0.2-cp310-cp310-manylinux_2_17_x86_64.manylinux2014_x86_64.whl", hash = "sha256:dd46bde7309088481b1cf9c58e3f0e204b9ff9e3244f441accd220dd3365ce7c"},
    {file = "pandas-2.0.2-cp310-cp310-win32.whl", hash = "sha256:51a93d422fbb1bd04b67639ba4b5368dffc26923f3ea32a275d2cc450f1d1c86"},
    {file = "pandas-2.0.2-cp310-cp310-win_amd64.whl", hash = "sha256:66d00300f188fa5de73f92d5725ced162488f6dc6ad4cecfe4144ca29debe3b8"},
    {file = "pandas-2.0.2-cp311-cp311-macosx_10_9_x86_64.whl", hash = "sha256:02755de164da6827764ceb3bbc5f64b35cb12394b1024fdf88704d0fa06e0e2f"},
    {file = "pandas-2.0.2-cp311-cp311-macosx_11_0_arm64.whl", hash = "sha256:0a1e0576611641acde15c2322228d138258f236d14b749ad9af498ab69089e2d"},
    {file = "pandas-2.0.2-cp311-cp311-manylinux_2_17_aarch64.manylinux2014_aarch64.whl", hash = "sha256:a6b5f14cd24a2ed06e14255ff40fe2ea0cfaef79a8dd68069b7ace74bd6acbba"},
    {file = "pandas-2.0.2-cp311-cp311-manylinux_2_17_x86_64.manylinux2014_x86_64.whl", hash = "sha256:50e451932b3011b61d2961b4185382c92cc8c6ee4658dcd4f320687bb2d000ee"},
    {file = "pandas-2.0.2-cp311-cp311-win32.whl", hash = "sha256:7b21cb72958fc49ad757685db1919021d99650d7aaba676576c9e88d3889d456"},
    {file = "pandas-2.0.2-cp311-cp311-win_amd64.whl", hash = "sha256:c4af689352c4fe3d75b2834933ee9d0ccdbf5d7a8a7264f0ce9524e877820c08"},
    {file = "pandas-2.0.2-cp39-cp39-macosx_10_9_x86_64.whl", hash = "sha256:b42b120458636a981077cfcfa8568c031b3e8709701315e2bfa866324a83efa8"},
    {file = "pandas-2.0.2-cp39-cp39-macosx_11_0_arm64.whl", hash = "sha256:f908a77cbeef9bbd646bd4b81214cbef9ac3dda4181d5092a4aa9797d1bc7774"},
    {file = "pandas-2.0.2-cp39-cp39-manylinux_2_17_aarch64.manylinux2014_aarch64.whl", hash = "sha256:713f2f70abcdade1ddd68fc91577cb090b3544b07ceba78a12f799355a13ee44"},
    {file = "pandas-2.0.2-cp39-cp39-manylinux_2_17_x86_64.manylinux2014_x86_64.whl", hash = "sha256:cf3f0c361a4270185baa89ec7ab92ecaa355fe783791457077473f974f654df5"},
    {file = "pandas-2.0.2-cp39-cp39-win32.whl", hash = "sha256:598e9020d85a8cdbaa1815eb325a91cfff2bb2b23c1442549b8a3668e36f0f77"},
    {file = "pandas-2.0.2-cp39-cp39-win_amd64.whl", hash = "sha256:77550c8909ebc23e56a89f91b40ad01b50c42cfbfab49b3393694a50549295ea"},
    {file = "pandas-2.0.2.tar.gz", hash = "sha256:dd5476b6c3fe410ee95926873f377b856dbc4e81a9c605a0dc05aaccc6a7c6c6"},
]
pydantic = [
    {file = "pydantic-2.0-py3-none-any.whl", hash = "sha256:8bf7355be5e1207c756dfbc8046236dadd4ce04101fb482e6c8834a06d9aa04f"},
    {file = "pydantic-2.0.tar.gz", hash = "sha256:6e313661b310eb5b2c45168ce05d8dd79f57563adaf3906162a917585576b846"},
]
pydantic-core = [
    {file = "pydantic_core-2.0.1-cp310-cp310-macosx_10_7_x86_64.whl", hash = "sha256:92b01e166a3b69e8054308709acabec1bae65dae83ba6329f4fcc8448e170a06"},
    {file = "pydantic_core-2.0.1-cp310-cp310-macosx_11_0_arm64.whl", hash = "sha256:ae53240f9f92f634b73a3e5ee87b9ec8ac38d5bee96ea65034af58f48d489a65"},
    {file = "pydantic_core-2.0.1-cp310-cp310-manylinux_2_17_aarch64.manylinux2014_aarch64.whl", hash = "sha256:e0dd6bb98271519a309e96e927b52f8ca1323a99762bec87cda8fdaaa221e5cd"},
    {file = "pydantic_core-2.0.1-cp310-cp310-manylinux_2_17_x86_64.manylinux2014_x86_64.whl", hash = "sha256:c656b8d4603af6744ed2f2c0be499790f0913a2186ef7214c88d47d42051ae4b"},
    {file = "pydantic_core-2.0.1-cp310-cp310-manylinux_2_24_armv7l.whl", hash = "sha256:ddbad540cba15b5262bd800bb6f0746a4ac719de0fe0a2acab8e0d50eb54ba9a"},
    {file = "pydantic_core-2.0.1-cp310-cp310-manylinux_2_24_ppc64le.whl", hash = "sha256:e2e9025e132761e7ea8dab448923ccd8839c60199e863a6348d7e8b1a674edd1"},
    {file = "pydantic_core-2.0.1-cp310-cp310-manylinux_2_24_s390x.whl", hash = "sha256:ac6a57d01c0b67563dd273f2b71e9aab643573b569a202bfff7dad502b0b8ee0"},
    {file = "pydantic_core-2.0.1-cp310-cp310-manylinux_2_5_i686.manylinux1_i686.whl", hash = "sha256:44c8cec1d74d74c29da59c86e8cd472851c85b44d75128096ef3751c5c87c204"},
    {file = "pydantic_core-2.0.1-cp310-cp310-musllinux_1_1_aarch64.whl", hash = "sha256:76d5d18ef9065ecbf62d6ec82c45ddbb47174a7400eb780040a7ebdad1c0ead8"},
    {file = "pydantic_core-2.0.1-cp310-cp310-musllinux_1_1_x86_64.whl", hash = "sha256:722aa193ba1f587226991a789a3f098235b5f04e85cf815af9e8ad823a5a85e1"},
    {file = "pydantic_core-2.0.1-cp310-none-win32.whl", hash = "sha256:16977790d69bac6034baa2349326db2ff465ad346c53b8d54c3674e05b070af2"},
    {file = "pydantic_core-2.0.1-cp310-none-win_amd64.whl", hash = "sha256:0fcdb43190588f6219709b43ffa679e562c0d4a44a50aafb6cc88978da4a84b7"},
    {file = "pydantic_core-2.0.1-cp311-cp311-macosx_10_7_x86_64.whl", hash = "sha256:73c464afa0a959472045f242ef7cdaf6a38b76a6d7dfa1ef270de0967c04408d"},
    {file = "pydantic_core-2.0.1-cp311-cp311-macosx_11_0_arm64.whl", hash = "sha256:ab7eafb33fdc7aa8667634be58a3d1c8ed3fa8923c6bc5014657bf95b51b4a46"},
    {file = "pydantic_core-2.0.1-cp311-cp311-manylinux_2_17_aarch64.manylinux2014_aarch64.whl", hash = "sha256:6cf3e484bc8e8c8a568d572a6619696d7e2e2aef214b0be503f0814f8bafca9f"},
    {file = "pydantic_core-2.0.1-cp311-cp311-manylinux_2_17_x86_64.manylinux2014_x86_64.whl", hash = "sha256:bc99af5be239961d718bbf8e4d6bd1caa6de556e44ed08eb5135cfbefc958728"},
    {file = "pydantic_core-2.0.1-cp311-cp311-manylinux_2_24_armv7l.whl", hash = "sha256:e55fc76ce657208c0d7e21e2e96925993dd4063d5c5ee9227dcdf4e550c02a29"},
    {file = "pydantic_core-2.0.1-cp311-cp311-manylinux_2_24_ppc64le.whl", hash = "sha256:ccb06e1667a9784a96e0fc2500b989b8afbe9ac68a39a3c806c056ee228eff3c"},
    {file = "pydantic_core-2.0.1-cp311-cp311-manylinux_2_24_s390x.whl", hash = "sha256:b23ae8b27b6eff72909a9a88123ac28b746d95f25927ce67d3b0f3dabe099a0a"},
    {file = "pydantic_core-2.0.1-cp311-cp311-manylinux_2_5_i686.manylinux1_i686.whl", hash = "sha256:6387c2956baf16891e7bc20d864a769c0f9f61799d4895c8f493e2de8f7b88aa"},
    {file = "pydantic_core-2.0.1-cp311-cp311-musllinux_1_1_aarch64.whl", hash = "sha256:1c855ef11370eacff25556658fb7fa243e8c0bd4235fa20a0f473bded2ede252"},
    {file = "pydantic_core-2.0.1-cp311-cp311-musllinux_1_1_x86_64.whl", hash = "sha256:f9452d470012ee86a00a36f7673843038fd1a88661a28c72e65e7f3f084da8d8"},
    {file = "pydantic_core-2.0.1-cp311-none-win32.whl", hash = "sha256:0872a1c52da4cfc494e23c83532c7fc1313de311a14334b7a58216a8dea828e0"},
    {file = "pydantic_core-2.0.1-cp311-none-win_amd64.whl", hash = "sha256:7a4fc3e8c788798739f4aa6772d994e4453a17dadb1b8eea4582a31cdfe683d2"},
    {file = "pydantic_core-2.0.1-cp39-cp39-macosx_10_7_x86_64.whl", hash = "sha256:aad8b177370002f73f08eafefa3d969d9c4498da6d67d8a43ffdeb4b4e560e1c"},
    {file = "pydantic_core-2.0.1-cp39-cp39-macosx_11_0_arm64.whl", hash = "sha256:9cf1ba93657cad863d23ecb09227665c0abe26c131acd24abb5edc6249a36a70"},
    {file = "pydantic_core-2.0.1-cp39-cp39-manylinux_2_17_aarch64.manylinux2014_aarch64.whl", hash = "sha256:79225132aa1fe97a5e947da820b323d63372fb3475d94ff81ca6f91669717a01"},
    {file = "pydantic_core-2.0.1-cp39-cp39-manylinux_2_17_x86_64.manylinux2014_x86_64.whl", hash = "sha256:7bd78c4f04794a8e527d32c8ec1a26682b35b5c9347bb6e3cc853ba1a43c72a5"},
    {file = "pydantic_core-2.0.1-cp39-cp39-manylinux_2_24_armv7l.whl", hash = "sha256:bb2daa4e3d4efbf2e2dedc1a7cea3e48ff12d0c95ab2011e7f731bdc97d16ed0"},
    {file = "pydantic_core-2.0.1-cp39-cp39-manylinux_2_24_ppc64le.whl", hash = "sha256:958964a0ad0cea700b25037b21f5a2da38d19bddaa2f15ce36f51c048a9efe92"},
    {file = "pydantic_core-2.0.1-cp39-cp39-manylinux_2_24_s390x.whl", hash = "sha256:e0edd3c6762b3ff3fdbd90517a09808e5d67cce86d7c43ec6f5ca3f65bfe7fd9"},
    {file = "pydantic_core-2.0.1-cp39-cp39-manylinux_2_5_i686.manylinux1_i686.whl", hash = "sha256:e76a9b0c2b2fb29a80764e106b1ea35c1b96a4e62e7ce7dde44f5df153fd5b66"},
    {file = "pydantic_core-2.0.1-cp39-cp39-musllinux_1_1_aarch64.whl", hash = "sha256:88fc72e60d818924cb3d32948b682bcea0dadd0fd2efae9a4d0b7a55e310908a"},
    {file = "pydantic_core-2.0.1-cp39-cp39-musllinux_1_1_x86_64.whl", hash = "sha256:c04aa22ded4baf29c3c1ec3b76d5264dd91794b974a737251fdd0827abcc2c78"},
    {file = "pydantic_core-2.0.1-cp39-none-win32.whl", hash = "sha256:4372e8fcb458aad1e155c04e663ff1840f36b859fb1422578372712a78866051"},
    {file = "pydantic_core-2.0.1-cp39-none-win_amd64.whl", hash = "sha256:c5fef2dc7ed589ea83ac5ce526fcb8e8eb0ab79bfa67f958dafbda0a05ab3018"},
    {file = "pydantic_core-2.0.1-pp39-pypy39_pp73-macosx_10_7_x86_64.whl", hash = "sha256:7176ffa02c45d557cceb75f1290a2ddf53da680c6878aae54e69aafb21c52efd"},
    {file = "pydantic_core-2.0.1-pp39-pypy39_pp73-manylinux_2_17_aarch64.manylinux2014_aarch64.whl", hash = "sha256:176eb3ec03da4c36da7708d2398139e13d1130b3b3d1af4334a959f46278baa9"},
    {file = "pydantic_core-2.0.1-pp39-pypy39_pp73-manylinux_2_17_x86_64.manylinux2014_x86_64.whl", hash = "sha256:46bb28295082a22f3c7f5fa5546d669aed7eb43151ec0032e8c352c59f5e36af"},
    {file = "pydantic_core-2.0.1-pp39-pypy39_pp73-manylinux_2_5_i686.manylinux1_i686.whl", hash = "sha256:e4b4c836100e5f07189b0aea8b4afae326f169bfdef91e86fd90a0d3c27f0c75"},
    {file = "pydantic_core-2.0.1-pp39-pypy39_pp73-musllinux_1_1_aarch64.whl", hash = "sha256:b56f3758b82f26414a4dccd76f05c768df7bd2735e0ac43f3dfff2f5603d32a9"},
    {file = "pydantic_core-2.0.1-pp39-pypy39_pp73-musllinux_1_1_x86_64.whl", hash = "sha256:0c8877d9e0bd128f103a1b0f02899aa7d4be1104eef5dc35e2b633042b64a2d1"},
    {file = "pydantic_core-2.0.1-pp39-pypy39_pp73-win_amd64.whl", hash = "sha256:1672c8c36414c56adf704753b2d7e22e7528d7bd21cd357f24edeff76d4fd4ca"},
    {file = "pydantic_core-2.0.1.tar.gz", hash = "sha256:f9fffcb5507bff84a1312d1616406cad157806f105d78bd184d1e6b3b00e6417"},
]
python-dateutil = [
    {file = "python-dateutil-2.8.2.tar.gz", hash = "sha256:0123cacc1627ae19ddf3c27a5de5bd67ee4586fbdd6440d9748f8abb483d3e86"},
    {file = "python_dateutil-2.8.2-py2.py3-none-any.whl", hash = "sha256:961d03dc3453ebbc59dbdea9e4e11c5651520a876d0f4db161e8674aae935da9"},
]
pytz = [
    {file = "pytz-2023.3-py2.py3-none-any.whl", hash = "sha256:a151b3abb88eda1d4e34a9814df37de2a80e301e68ba0fd856fb9b46bfbbbffb"},
    {file = "pytz-2023.3.tar.gz", hash = "sha256:1d8ce29db189191fb55338ee6d0387d82ab59f3d00eac103412d64e0ebd0c588"},
]
six = [
    {file = "six-1.16.0-py2.py3-none-any.whl", hash = "sha256:8abb2f1d86890a2dfb989f9a77cfcfd3e47c2a354b01111771326f8aa26e0254"},
    {file = "six-1.16.0.tar.gz", hash = "sha256:1e61c37477a1626458e36f7b1d82aa5c9b094fa4802892072e49de9c60c4c926"},
]
typing-extensions = [
    {file = "typing_extensions-4.6.3-py3-none-any.whl", hash = "sha256:88a4153d8505aabbb4e13aacb7c486c2b4a33ca3b3f807914a9b4c844c471c26"},
    {file = "typing_extensions-4.6.3.tar.gz", hash = "sha256:d91d5919357fe7f681a9f2b5b4cb2a5f1ef0a1e9f59c4d8ff0d3491e05c0ffd5"},
    {file = "typing_extensions-4.7.0-py3-none-any.whl", hash = "sha256:5d8c9dac95c27d20df12fb1d97b9793ab8b2af8a3a525e68c80e21060c161771"},
    {file = "typing_extensions-4.7.0.tar.gz", hash = "sha256:935ccf31549830cda708b42289d44b6f74084d616a00be651601a4f968e77c82"},
]
tzdata = [
    {file = "tzdata-2023.3-py2.py3-none-any.whl", hash = "sha256:7e65763eef3120314099b6939b5546db7adce1e7d6f2e179e3df563c70511eda"},
    {file = "tzdata-2023.3.tar.gz", hash = "sha256:11ef1e08e54acb0d4f95bdb1be05da659673de4acbd21bf9c69e94cc5e907a3a"},
]
