[[package]]
name = "annotated-types"
version = "0.5.0"
description = "Reusable constraint types to use with typing.Annotated"
category = "main"
optional = false
python-versions = ">=3.7"

[package.source]
type = "legacy"
url = "https://europe-west4-python.pkg.dev/mol-data-ml-org/pypi-mirror-prod/simple"
reference = "mollie-pypi-mirror-prod"

[[package]]
name = "click"
version = "8.1.4"
description = "Composable command line interface toolkit"
category = "main"
optional = false
python-versions = ">=3.7"

[package.dependencies]
colorama = {version = "*", markers = "platform_system == \"Windows\""}

[package.source]
type = "legacy"
url = "https://europe-west4-python.pkg.dev/mol-data-ml-org/pypi-mirror-prod/simple"
reference = "mollie-pypi-mirror-prod"

[[package]]
name = "colorama"
version = "0.4.6"
description = "Cross-platform colored terminal text."
category = "main"
optional = false
python-versions = "!=3.0.*,!=3.1.*,!=3.2.*,!=3.3.*,!=3.4.*,!=3.5.*,!=3.6.*,>=2.7"

[package.source]
type = "legacy"
url = "https://europe-west4-python.pkg.dev/mol-data-ml-org/pypi-mirror-prod/simple"
reference = "mollie-pypi-mirror-prod"

[[package]]
name = "gin-config"
version = "0.5.0"
description = "Gin-Config: A lightweight configuration library for Python"
category = "main"
optional = false
python-versions = "*"

[package.extras]
pytorch-nightly = ["pytorch-nightly"]
tensorflow = ["tensorflow (>=1.13.0)"]
tensorflow-gpu = ["tensorflow-gpu (>=1.13.0)"]
testing = ["absl-py (>=0.1.6)", "mock (>=3.0.5)", "nose"]
tf-nightly = ["tf-nightly"]
torch = ["torch (>=1.3.0)"]

[package.source]
type = "legacy"
url = "https://europe-west4-python.pkg.dev/mol-data-ml-org/pypi-mirror-prod/simple"
reference = "mollie-pypi-mirror-prod"

[[package]]
name = "markdown-it-py"
version = "2.2.0"
description = "Python port of markdown-it. Markdown parsing, done right!"
category = "main"
optional = false
python-versions = ">=3.7"

[package.dependencies]
mdurl = ">=0.1,<1.0"

[package.extras]
benchmarking = ["psutil", "pytest", "pytest-benchmark"]
code-style = ["pre-commit (>=3.0,<4.0)"]
compare = ["commonmark (>=0.9,<1.0)", "markdown (>=3.4,<4.0)", "mistletoe (>=1.0,<2.0)", "mistune (>=2.0,<3.0)", "panflute (>=2.3,<3.0)"]
linkify = ["linkify-it-py (>=1,<3)"]
plugins = ["mdit-py-plugins"]
profiling = ["gprof2dot"]
rtd = ["attrs", "myst-parser", "pyyaml", "sphinx", "sphinx-copybutton", "sphinx-design", "sphinx_book_theme"]
testing = ["coverage", "pytest", "pytest-cov", "pytest-regressions"]

[package.source]
type = "legacy"
url = "https://europe-west4-python.pkg.dev/mol-data-ml-org/pypi-mirror-prod/simple"
reference = "mollie-pypi-mirror-prod"

[[package]]
name = "mdurl"
version = "0.1.2"
description = "Markdown URL utilities"
category = "main"
optional = false
python-versions = ">=3.7"

[package.source]
type = "legacy"
url = "https://europe-west4-python.pkg.dev/mol-data-ml-org/pypi-mirror-prod/simple"
reference = "mollie-pypi-mirror-prod"

[[package]]
name = "numpy"
version = "1.25.1"
description = "Fundamental package for array computing in Python"
category = "main"
optional = false
python-versions = ">=3.9"

[package.source]
type = "legacy"
url = "https://europe-west4-python.pkg.dev/mol-data-ml-org/pypi-mirror-prod/simple"
reference = "mollie-pypi-mirror-prod"

[[package]]
name = "pandas"
version = "2.0.2"
description = "Powerful data structures for data analysis, time series, and statistics"
category = "main"
optional = false
python-versions = ">=3.8"

[package.dependencies]
numpy = [
    {version = ">=1.20.3", markers = "python_version < \"3.10\""},
    {version = ">=1.21.0", markers = "python_version >= \"3.10\""},
    {version = ">=1.23.2", markers = "python_version >= \"3.11\""},
]
python-dateutil = ">=2.8.2"
pytz = ">=2020.1"
tzdata = ">=2022.1"

[package.extras]
all = ["PyQt5 (>=5.15.1)", "SQLAlchemy (>=1.4.16)", "beautifulsoup4 (>=4.9.3)", "bottleneck (>=1.3.2)", "brotlipy (>=0.7.0)", "fastparquet (>=0.6.3)", "fsspec (>=2021.07.0)", "gcsfs (>=2021.07.0)", "html5lib (>=1.1)", "hypothesis (>=6.34.2)", "jinja2 (>=3.0.0)", "lxml (>=4.6.3)", "matplotlib (>=3.6.1)", "numba (>=0.53.1)", "numexpr (>=2.7.3)", "odfpy (>=1.4.1)", "openpyxl (>=3.0.7)", "pandas-gbq (>=0.15.0)", "psycopg2 (>=2.8.6)", "pyarrow (>=7.0.0)", "pymysql (>=1.0.2)", "pyreadstat (>=1.1.2)", "pytest (>=7.0.0)", "pytest-asyncio (>=0.17.0)", "pytest-xdist (>=2.2.0)", "python-snappy (>=0.6.0)", "pyxlsb (>=1.0.8)", "qtpy (>=2.2.0)", "s3fs (>=2021.08.0)", "scipy (>=1.7.1)", "tables (>=3.6.1)", "tabulate (>=0.8.9)", "xarray (>=0.21.0)", "xlrd (>=2.0.1)", "xlsxwriter (>=1.4.3)", "zstandard (>=0.15.2)"]
aws = ["s3fs (>=2021.08.0)"]
clipboard = ["PyQt5 (>=5.15.1)", "qtpy (>=2.2.0)"]
compression = ["brotlipy (>=0.7.0)", "python-snappy (>=0.6.0)", "zstandard (>=0.15.2)"]
computation = ["scipy (>=1.7.1)", "xarray (>=0.21.0)"]
excel = ["odfpy (>=1.4.1)", "openpyxl (>=3.0.7)", "pyxlsb (>=1.0.8)", "xlrd (>=2.0.1)", "xlsxwriter (>=1.4.3)"]
feather = ["pyarrow (>=7.0.0)"]
fss = ["fsspec (>=2021.07.0)"]
gcp = ["gcsfs (>=2021.07.0)", "pandas-gbq (>=0.15.0)"]
hdf5 = ["tables (>=3.6.1)"]
html = ["beautifulsoup4 (>=4.9.3)", "html5lib (>=1.1)", "lxml (>=4.6.3)"]
mysql = ["SQLAlchemy (>=1.4.16)", "pymysql (>=1.0.2)"]
output-formatting = ["jinja2 (>=3.0.0)", "tabulate (>=0.8.9)"]
parquet = ["pyarrow (>=7.0.0)"]
performance = ["bottleneck (>=1.3.2)", "numba (>=0.53.1)", "numexpr (>=2.7.1)"]
plot = ["matplotlib (>=3.6.1)"]
postgresql = ["SQLAlchemy (>=1.4.16)", "psycopg2 (>=2.8.6)"]
spss = ["pyreadstat (>=1.1.2)"]
sql-other = ["SQLAlchemy (>=1.4.16)"]
test = ["hypothesis (>=6.34.2)", "pytest (>=7.0.0)", "pytest-asyncio (>=0.17.0)", "pytest-xdist (>=2.2.0)"]
xml = ["lxml (>=4.6.3)"]

[package.source]
type = "legacy"
url = "https://europe-west4-python.pkg.dev/mol-data-ml-org/pypi-mirror-prod/simple"
reference = "mollie-pypi-mirror-prod"

[[package]]
name = "pydantic"
version = "2.0.2"
description = "Data validation using Python type hints"
category = "main"
optional = false
python-versions = ">=3.7"

[package.dependencies]
annotated-types = ">=0.4.0"
pydantic-core = "2.1.2"
typing-extensions = ">=4.6.1"

[package.extras]
email = ["email-validator (>=2.0.0)"]

[package.source]
type = "legacy"
url = "https://europe-west4-python.pkg.dev/mol-data-ml-org/pypi-mirror-prod/simple"
reference = "mollie-pypi-mirror-prod"

[[package]]
name = "pydantic-core"
version = "2.1.2"
description = ""
category = "main"
optional = false
python-versions = ">=3.7"

[package.dependencies]
typing-extensions = ">=4.6.0,<4.7.0 || >4.7.0"

[package.source]
type = "legacy"
url = "https://europe-west4-python.pkg.dev/mol-data-ml-org/pypi-mirror-prod/simple"
reference = "mollie-pypi-mirror-prod"

[[package]]
name = "pygments"
version = "2.15.1"
description = "Pygments is a syntax highlighting package written in Python."
category = "main"
optional = false
python-versions = ">=3.7"

[package.extras]
plugins = ["importlib-metadata"]

[package.source]
type = "legacy"
url = "https://europe-west4-python.pkg.dev/mol-data-ml-org/pypi-mirror-prod/simple"
reference = "mollie-pypi-mirror-prod"

[[package]]
name = "python-dateutil"
version = "2.8.2"
description = "Extensions to the standard Python datetime module"
category = "main"
optional = false
python-versions = "!=3.0.*,!=3.1.*,!=3.2.*,>=2.7"

[package.dependencies]
six = ">=1.5"

[package.source]
type = "legacy"
url = "https://europe-west4-python.pkg.dev/mol-data-ml-org/pypi-mirror-prod/simple"
reference = "mollie-pypi-mirror-prod"

[[package]]
name = "pytz"
version = "2023.3"
description = "World timezone definitions, modern and historical"
category = "main"
optional = false
python-versions = "*"

[package.source]
type = "legacy"
url = "https://europe-west4-python.pkg.dev/mol-data-ml-org/pypi-mirror-prod/simple"
reference = "mollie-pypi-mirror-prod"

[[package]]
name = "rich"
version = "13.3.2"
description = "Render rich text, tables, progress bars, syntax highlighting, markdown and more to the terminal"
category = "main"
optional = false
python-versions = ">=3.7.0"

[package.dependencies]
markdown-it-py = ">=2.2.0,<3.0.0"
pygments = ">=2.13.0,<3.0.0"

[package.extras]
jupyter = ["ipywidgets (>=7.5.1,<9)"]

[package.source]
type = "legacy"
url = "https://europe-west4-python.pkg.dev/mol-data-ml-org/pypi-mirror-prod/simple"
reference = "mollie-pypi-mirror-prod"

[[package]]
name = "shellingham"
version = "1.5.0"
description = "Tool to Detect Surrounding Shell"
category = "main"
optional = false
python-versions = ">=3.4"

[package.source]
type = "legacy"
url = "https://europe-west4-python.pkg.dev/mol-data-ml-org/pypi-mirror-prod/simple"
reference = "mollie-pypi-mirror-prod"

[[package]]
name = "six"
version = "1.16.0"
description = "Python 2 and 3 compatibility utilities"
category = "main"
optional = false
python-versions = ">=2.7, !=3.0.*, !=3.1.*, !=3.2.*"

[package.source]
type = "legacy"
url = "https://europe-west4-python.pkg.dev/mol-data-ml-org/pypi-mirror-prod/simple"
reference = "mollie-pypi-mirror-prod"

[[package]]
name = "typer"
version = "0.9.0"
description = "Typer, build great CLIs. Easy to code. Based on Python type hints."
category = "main"
optional = false
python-versions = ">=3.6"

[package.dependencies]
click = ">=7.1.1,<9.0.0"
colorama = {version = ">=0.4.3,<0.5.0", optional = true, markers = "extra == \"all\""}
rich = {version = ">=10.11.0,<14.0.0", optional = true, markers = "extra == \"all\""}
shellingham = {version = ">=1.3.0,<2.0.0", optional = true, markers = "extra == \"all\""}
typing-extensions = ">=3.7.4.3"

[package.extras]
all = ["colorama (>=0.4.3,<0.5.0)", "rich (>=10.11.0,<14.0.0)", "shellingham (>=1.3.0,<2.0.0)"]
dev = ["autoflake (>=1.3.1,<2.0.0)", "flake8 (>=3.8.3,<4.0.0)", "pre-commit (>=2.17.0,<3.0.0)"]
doc = ["cairosvg (>=2.5.2,<3.0.0)", "mdx-include (>=1.4.1,<2.0.0)", "mkdocs (>=1.1.2,<2.0.0)", "mkdocs-material (>=8.1.4,<9.0.0)", "pillow (>=9.3.0,<10.0.0)"]
test = ["black (>=22.3.0,<23.0.0)", "coverage (>=6.2,<7.0)", "isort (>=5.0.6,<6.0.0)", "mypy (==0.910)", "pytest (>=4.4.0,<8.0.0)", "pytest-cov (>=2.10.0,<5.0.0)", "pytest-sugar (>=0.9.4,<0.10.0)", "pytest-xdist (>=1.32.0,<4.0.0)", "rich (>=10.11.0,<14.0.0)", "shellingham (>=1.3.0,<2.0.0)"]

[package.source]
type = "legacy"
url = "https://europe-west4-python.pkg.dev/mol-data-ml-org/pypi-mirror-prod/simple"
reference = "mollie-pypi-mirror-prod"

[[package]]
name = "typing-extensions"
version = "4.7.1"
description = "Backported and Experimental Type Hints for Python 3.7+"
category = "main"
optional = false
python-versions = ">=3.7"

[package.source]
type = "legacy"
url = "https://europe-west4-python.pkg.dev/mol-data-ml-org/pypi-mirror-prod/simple"
reference = "mollie-pypi-mirror-prod"

[[package]]
name = "tzdata"
version = "2023.3"
description = "Provider of IANA time zone data"
category = "main"
optional = false
python-versions = ">=2"

[package.source]
type = "legacy"
url = "https://europe-west4-python.pkg.dev/mol-data-ml-org/pypi-mirror-prod/simple"
reference = "mollie-pypi-mirror-prod"

[metadata]
lock-version = "1.1"
python-versions = "^3.9"
content-hash = "53fdbb01d2b3df95670f5505c40b950bee2c4506eb13925206bb6d21152e3545"

[metadata.files]
annotated-types = [
    {file = "annotated_types-0.5.0-py3-none-any.whl", hash = "sha256:58da39888f92c276ad970249761ebea80ba544b77acddaa1a4d6cf78287d45fd"},
    {file = "annotated_types-0.5.0.tar.gz", hash = "sha256:47cdc3490d9ac1506ce92c7aaa76c579dc3509ff11e098fc867e5130ab7be802"},
]
click = [
    {file = "click-8.1.4-py3-none-any.whl", hash = "sha256:2739815aaa5d2c986a88f1e9230c55e17f0caad3d958a5e13ad0797c166db9e3"},
    {file = "click-8.1.4.tar.gz", hash = "sha256:b97d0c74955da062a7d4ef92fadb583806a585b2ea81958a81bd72726cbb8e37"},
]
colorama = [
    {file = "colorama-0.4.6-py2.py3-none-any.whl", hash = "sha256:4f1d9991f5acc0ca119f9d443620b77f9d6b33703e51011c16baf57afb285fc6"},
    {file = "colorama-0.4.6.tar.gz", hash = "sha256:08695f5cb7ed6e0531a20572697297273c47b8cae5a63ffc6d6ed5c201be6e44"},
]
gin-config = [
    {file = "gin-config-0.5.0.tar.gz", hash = "sha256:0c6ea5026ded927c8c93c990b01c695257c1df446e45e549a158cfbc79e19ed6"},
    {file = "gin_config-0.5.0-py3-none-any.whl", hash = "sha256:bddb7ca221ea2b46cdb59321e79fecf02d6e3b728906047fcd4076c297609fd6"},
]
markdown-it-py = [
    {file = "markdown-it-py-2.2.0.tar.gz", hash = "sha256:7c9a5e412688bc771c67432cbfebcdd686c93ce6484913dccf06cb5a0bea35a1"},
    {file = "markdown_it_py-2.2.0-py3-none-any.whl", hash = "sha256:5a35f8d1870171d9acc47b99612dc146129b631baf04970128b568f190d0cc30"},
]
mdurl = [
    {file = "mdurl-0.1.2-py3-none-any.whl", hash = "sha256:84008a41e51615a49fc9966191ff91509e3c40b939176e643fd50a5c2196b8f8"},
    {file = "mdurl-0.1.2.tar.gz", hash = "sha256:bb413d29f5eea38f31dd4754dd7377d4465116fb207585f97bf925588687c1ba"},
]
numpy = [
    {file = "numpy-1.25.1-cp310-cp310-macosx_10_9_x86_64.whl", hash = "sha256:77d339465dff3eb33c701430bcb9c325b60354698340229e1dff97745e6b3efa"},
    {file = "numpy-1.25.1-cp310-cp310-macosx_11_0_arm64.whl", hash = "sha256:d736b75c3f2cb96843a5c7f8d8ccc414768d34b0a75f466c05f3a739b406f10b"},
    {file = "numpy-1.25.1-cp310-cp310-manylinux_2_17_aarch64.manylinux2014_aarch64.whl", hash = "sha256:4a90725800caeaa160732d6b31f3f843ebd45d6b5f3eec9e8cc287e30f2805bf"},
    {file = "numpy-1.25.1-cp310-cp310-manylinux_2_17_x86_64.manylinux2014_x86_64.whl", hash = "sha256:6c6c9261d21e617c6dc5eacba35cb68ec36bb72adcff0dee63f8fbc899362588"},
    {file = "numpy-1.25.1-cp310-cp310-musllinux_1_1_x86_64.whl", hash = "sha256:0def91f8af6ec4bb94c370e38c575855bf1d0be8a8fbfba42ef9c073faf2cf19"},
    {file = "numpy-1.25.1-cp310-cp310-win32.whl", hash = "sha256:fd67b306320dcadea700a8f79b9e671e607f8696e98ec255915c0c6d6b818503"},
    {file = "numpy-1.25.1-cp310-cp310-win_amd64.whl", hash = "sha256:c1516db588987450b85595586605742879e50dcce923e8973f79529651545b57"},
    {file = "numpy-1.25.1-cp311-cp311-macosx_10_9_x86_64.whl", hash = "sha256:6b82655dd8efeea69dbf85d00fca40013d7f503212bc5259056244961268b66e"},
    {file = "numpy-1.25.1-cp311-cp311-macosx_11_0_arm64.whl", hash = "sha256:e8f6049c4878cb16960fbbfb22105e49d13d752d4d8371b55110941fb3b17800"},
    {file = "numpy-1.25.1-cp311-cp311-manylinux_2_17_aarch64.manylinux2014_aarch64.whl", hash = "sha256:41a56b70e8139884eccb2f733c2f7378af06c82304959e174f8e7370af112e09"},
    {file = "numpy-1.25.1-cp311-cp311-manylinux_2_17_x86_64.manylinux2014_x86_64.whl", hash = "sha256:d5154b1a25ec796b1aee12ac1b22f414f94752c5f94832f14d8d6c9ac40bcca6"},
    {file = "numpy-1.25.1-cp311-cp311-musllinux_1_1_x86_64.whl", hash = "sha256:38eb6548bb91c421261b4805dc44def9ca1a6eef6444ce35ad1669c0f1a3fc5d"},
    {file = "numpy-1.25.1-cp311-cp311-win32.whl", hash = "sha256:791f409064d0a69dd20579345d852c59822c6aa087f23b07b1b4e28ff5880fcb"},
    {file = "numpy-1.25.1-cp311-cp311-win_amd64.whl", hash = "sha256:c40571fe966393b212689aa17e32ed905924120737194b5d5c1b20b9ed0fb171"},
    {file = "numpy-1.25.1-cp39-cp39-macosx_10_9_x86_64.whl", hash = "sha256:3d7abcdd85aea3e6cdddb59af2350c7ab1ed764397f8eec97a038ad244d2d105"},
    {file = "numpy-1.25.1-cp39-cp39-macosx_11_0_arm64.whl", hash = "sha256:1a180429394f81c7933634ae49b37b472d343cccb5bb0c4a575ac8bbc433722f"},
    {file = "numpy-1.25.1-cp39-cp39-manylinux_2_17_aarch64.manylinux2014_aarch64.whl", hash = "sha256:d412c1697c3853c6fc3cb9751b4915859c7afe6a277c2bf00acf287d56c4e625"},
    {file = "numpy-1.25.1-cp39-cp39-manylinux_2_17_x86_64.manylinux2014_x86_64.whl", hash = "sha256:20e1266411120a4f16fad8efa8e0454d21d00b8c7cee5b5ccad7565d95eb42dd"},
    {file = "numpy-1.25.1-cp39-cp39-musllinux_1_1_x86_64.whl", hash = "sha256:f76aebc3358ade9eacf9bc2bb8ae589863a4f911611694103af05346637df1b7"},
    {file = "numpy-1.25.1-cp39-cp39-win32.whl", hash = "sha256:247d3ffdd7775bdf191f848be8d49100495114c82c2bd134e8d5d075fb386a1c"},
    {file = "numpy-1.25.1-cp39-cp39-win_amd64.whl", hash = "sha256:1d5d3c68e443c90b38fdf8ef40e60e2538a27548b39b12b73132456847f4b631"},
    {file = "numpy-1.25.1-pp39-pypy39_pp73-macosx_10_9_x86_64.whl", hash = "sha256:35a9527c977b924042170a0887de727cd84ff179e478481404c5dc66b4170009"},
    {file = "numpy-1.25.1-pp39-pypy39_pp73-manylinux_2_17_x86_64.manylinux2014_x86_64.whl", hash = "sha256:0d3fe3dd0506a28493d82dc3cf254be8cd0d26f4008a417385cbf1ae95b54004"},
    {file = "numpy-1.25.1-pp39-pypy39_pp73-win_amd64.whl", hash = "sha256:012097b5b0d00a11070e8f2e261128c44157a8689f7dedcf35576e525893f4fe"},
    {file = "numpy-1.25.1.tar.gz", hash = "sha256:9a3a9f3a61480cc086117b426a8bd86869c213fc4072e606f01c4e4b66eb92bf"},
]
pandas = [
    {file = "pandas-2.0.2-cp310-cp310-macosx_10_9_x86_64.whl", hash = "sha256:9ebb9f1c22ddb828e7fd017ea265a59d80461d5a79154b49a4207bd17514d122"},
    {file = "pandas-2.0.2-cp310-cp310-macosx_11_0_arm64.whl", hash = "sha256:1eb09a242184092f424b2edd06eb2b99d06dc07eeddff9929e8667d4ed44e181"},
    {file = "pandas-2.0.2-cp310-cp310-manylinux_2_17_aarch64.manylinux2014_aarch64.whl", hash = "sha256:c7319b6e68de14e6209460f72a8d1ef13c09fb3d3ef6c37c1e65b35d50b5c145"},
    {file = "pandas-2.0.2-cp310-cp310-manylinux_2_17_x86_64.manylinux2014_x86_64.whl", hash = "sha256:dd46bde7309088481b1cf9c58e3f0e204b9ff9e3244f441accd220dd3365ce7c"},
    {file = "pandas-2.0.2-cp310-cp310-win32.whl", hash = "sha256:51a93d422fbb1bd04b67639ba4b5368dffc26923f3ea32a275d2cc450f1d1c86"},
    {file = "pandas-2.0.2-cp310-cp310-win_amd64.whl", hash = "sha256:66d00300f188fa5de73f92d5725ced162488f6dc6ad4cecfe4144ca29debe3b8"},
    {file = "pandas-2.0.2-cp311-cp311-macosx_10_9_x86_64.whl", hash = "sha256:02755de164da6827764ceb3bbc5f64b35cb12394b1024fdf88704d0fa06e0e2f"},
    {file = "pandas-2.0.2-cp311-cp311-macosx_11_0_arm64.whl", hash = "sha256:0a1e0576611641acde15c2322228d138258f236d14b749ad9af498ab69089e2d"},
    {file = "pandas-2.0.2-cp311-cp311-manylinux_2_17_aarch64.manylinux2014_aarch64.whl", hash = "sha256:a6b5f14cd24a2ed06e14255ff40fe2ea0cfaef79a8dd68069b7ace74bd6acbba"},
    {file = "pandas-2.0.2-cp311-cp311-manylinux_2_17_x86_64.manylinux2014_x86_64.whl", hash = "sha256:50e451932b3011b61d2961b4185382c92cc8c6ee4658dcd4f320687bb2d000ee"},
    {file = "pandas-2.0.2-cp311-cp311-win32.whl", hash = "sha256:7b21cb72958fc49ad757685db1919021d99650d7aaba676576c9e88d3889d456"},
    {file = "pandas-2.0.2-cp311-cp311-win_amd64.whl", hash = "sha256:c4af689352c4fe3d75b2834933ee9d0ccdbf5d7a8a7264f0ce9524e877820c08"},
    {file = "pandas-2.0.2-cp39-cp39-macosx_10_9_x86_64.whl", hash = "sha256:b42b120458636a981077cfcfa8568c031b3e8709701315e2bfa866324a83efa8"},
    {file = "pandas-2.0.2-cp39-cp39-macosx_11_0_arm64.whl", hash = "sha256:f908a77cbeef9bbd646bd4b81214cbef9ac3dda4181d5092a4aa9797d1bc7774"},
    {file = "pandas-2.0.2-cp39-cp39-manylinux_2_17_aarch64.manylinux2014_aarch64.whl", hash = "sha256:713f2f70abcdade1ddd68fc91577cb090b3544b07ceba78a12f799355a13ee44"},
    {file = "pandas-2.0.2-cp39-cp39-manylinux_2_17_x86_64.manylinux2014_x86_64.whl", hash = "sha256:cf3f0c361a4270185baa89ec7ab92ecaa355fe783791457077473f974f654df5"},
    {file = "pandas-2.0.2-cp39-cp39-win32.whl", hash = "sha256:598e9020d85a8cdbaa1815eb325a91cfff2bb2b23c1442549b8a3668e36f0f77"},
    {file = "pandas-2.0.2-cp39-cp39-win_amd64.whl", hash = "sha256:77550c8909ebc23e56a89f91b40ad01b50c42cfbfab49b3393694a50549295ea"},
    {file = "pandas-2.0.2.tar.gz", hash = "sha256:dd5476b6c3fe410ee95926873f377b856dbc4e81a9c605a0dc05aaccc6a7c6c6"},
]
pydantic = [
    {file = "pydantic-2.0.2-py3-none-any.whl", hash = "sha256:f5581e0c79b2ec2fa25a9d30d766629811cdda022107fa73d022ab5578873ae3"},
    {file = "pydantic-2.0.2.tar.gz", hash = "sha256:b802f5245b8576315fe619e5989fd083448fa1258638ef9dac301ca60878396d"},
]
pydantic-core = [
    {file = "pydantic_core-2.1.2-cp310-cp310-macosx_10_7_x86_64.whl", hash = "sha256:b4815720c266e832b20e27a7a5f3772bb09fdedb31a9a34bab7b49d98967ef5a"},
    {file = "pydantic_core-2.1.2-cp310-cp310-macosx_11_0_arm64.whl", hash = "sha256:8884a1dbfc5cb8c54b48446ca916d4577c1f4d901126091e4ab25d00194e065f"},
    {file = "pydantic_core-2.1.2-cp310-cp310-manylinux_2_17_aarch64.manylinux2014_aarch64.whl", hash = "sha256:74a33aa69d476773230396396afb8e11908f8dafdcfd422e746770599a3f889d"},
    {file = "pydantic_core-2.1.2-cp310-cp310-manylinux_2_17_x86_64.manylinux2014_x86_64.whl", hash = "sha256:af832edd384755826e494ffdcf1fdda86e4babc42a0b18d342943fb18181040e"},
    {file = "pydantic_core-2.1.2-cp310-cp310-manylinux_2_24_armv7l.whl", hash = "sha256:017700236ea2e7afbef5d3803559c80bd8720306778ebd49268de7ce9972e83e"},
    {file = "pydantic_core-2.1.2-cp310-cp310-manylinux_2_24_ppc64le.whl", hash = "sha256:c2d00a96fdf26295c6f25eaf9e4a233f353146a73713cd97a5f5dc6090c3aef2"},
    {file = "pydantic_core-2.1.2-cp310-cp310-manylinux_2_24_s390x.whl", hash = "sha256:2575664f0a559a7b951a518f6f34c23cab7190f34f8220b8c8218c4f403147ee"},
    {file = "pydantic_core-2.1.2-cp310-cp310-manylinux_2_5_i686.manylinux1_i686.whl", hash = "sha256:24c3c9180a2d19d640bacc2d00f497a9a1f2abadb2a9ee201b56bb03bc5343bd"},
    {file = "pydantic_core-2.1.2-cp310-cp310-musllinux_1_1_aarch64.whl", hash = "sha256:88a56f0f6d020b4d17641f4b4d1f9540a536d4146768d059c430e97bdb485fc1"},
    {file = "pydantic_core-2.1.2-cp310-cp310-musllinux_1_1_x86_64.whl", hash = "sha256:fa38a76e832743866aed6b715869757074b06357d1a260163ec26d84974245fe"},
    {file = "pydantic_core-2.1.2-cp310-none-win32.whl", hash = "sha256:a772c652603855d7180015849d483a1f539351a263bb9b81bfe85193a33ce124"},
    {file = "pydantic_core-2.1.2-cp310-none-win_amd64.whl", hash = "sha256:b4673d1f29487608d613ebcc5caa99ba15eb58450a7449fb6d800f29d90bebc1"},
    {file = "pydantic_core-2.1.2-cp311-cp311-macosx_10_7_x86_64.whl", hash = "sha256:76c9c55462740d728b344e3a087775846516c3fee31ec56e2075faa7cfcafcbf"},
    {file = "pydantic_core-2.1.2-cp311-cp311-macosx_11_0_arm64.whl", hash = "sha256:cb854ec52e6e2e05b83d647695f4d913452fdd45a3dfa8233d7dab5967b3908f"},
    {file = "pydantic_core-2.1.2-cp311-cp311-manylinux_2_17_aarch64.manylinux2014_aarch64.whl", hash = "sha256:4ac140d54da366672f6b91f9a1e8e2d4e7e72720143353501ae886d3fca03272"},
    {file = "pydantic_core-2.1.2-cp311-cp311-manylinux_2_17_x86_64.manylinux2014_x86_64.whl", hash = "sha256:818f5cb1b209ab1295087c45717178f4bbbd2bd7eda421f7a119e7b9b736a3cb"},
    {file = "pydantic_core-2.1.2-cp311-cp311-manylinux_2_24_armv7l.whl", hash = "sha256:db4564aea8b3cb6cf1e5f3fd80f1ced73a255d492396d1bd8abd688795b34d63"},
    {file = "pydantic_core-2.1.2-cp311-cp311-manylinux_2_24_ppc64le.whl", hash = "sha256:2ca2d2d5ab65fb40dd05259965006edcc62a9d9b30102737c0a6f45bcbd254e8"},
    {file = "pydantic_core-2.1.2-cp311-cp311-manylinux_2_24_s390x.whl", hash = "sha256:7c7ad8958aadfbcd664078002246796ecd5566b64b22f6af4fd1bbcec6bf8f60"},
    {file = "pydantic_core-2.1.2-cp311-cp311-manylinux_2_5_i686.manylinux1_i686.whl", hash = "sha256:080a7af828388284a68ad7d3d3eac3bcfff6a580292849aff087e7d556ec42d4"},
    {file = "pydantic_core-2.1.2-cp311-cp311-musllinux_1_1_aarch64.whl", hash = "sha256:bad7029fb2251c1ac7d3acdd607e540d40d137a7d43a5e5acdcfdbd38db3fc0a"},
    {file = "pydantic_core-2.1.2-cp311-cp311-musllinux_1_1_x86_64.whl", hash = "sha256:1635a37137fafbc6ee0a8c879857e05b30b1aabaa927e653872b71f1501b1502"},
    {file = "pydantic_core-2.1.2-cp311-none-win32.whl", hash = "sha256:eb4301f009a44bb5db5edfe4e51a8175a4112b566baec07f4af8b1f8cb4649a2"},
    {file = "pydantic_core-2.1.2-cp311-none-win_amd64.whl", hash = "sha256:ebf583f4d9b52abd15cc59e5f6eeca7e3e9741c6ea62d8711c00ac3acb067875"},
    {file = "pydantic_core-2.1.2-cp39-cp39-macosx_10_7_x86_64.whl", hash = "sha256:8e6ce261ccb9a986953c4dce070327e4954f9dd4cd214746dfc70efbc713b6a1"},
    {file = "pydantic_core-2.1.2-cp39-cp39-macosx_11_0_arm64.whl", hash = "sha256:d35d634d9d1ed280c87bc2a7a6217b8787eedc86f368fc2fa1c0c8c78f7d3c93"},
    {file = "pydantic_core-2.1.2-cp39-cp39-manylinux_2_17_aarch64.manylinux2014_aarch64.whl", hash = "sha256:0be2e2812a43205728a06c9d0fd090432cd76a9bb5bff2bfcfdf8b0e27d51851"},
    {file = "pydantic_core-2.1.2-cp39-cp39-manylinux_2_17_x86_64.manylinux2014_x86_64.whl", hash = "sha256:f0eb54b11cd4fe0c6404611eef77086ade03eb1457e92910bbb4f3479efa3f79"},
    {file = "pydantic_core-2.1.2-cp39-cp39-manylinux_2_24_armv7l.whl", hash = "sha256:087ddbb754575618a8832ee4ab52fe7eb332f502e2a56088b53dbeb5c4efdf9f"},
    {file = "pydantic_core-2.1.2-cp39-cp39-manylinux_2_24_ppc64le.whl", hash = "sha256:b74906e01c7fc938ac889588ef438de812989817095c3c4904721f647d64a4d1"},
    {file = "pydantic_core-2.1.2-cp39-cp39-manylinux_2_24_s390x.whl", hash = "sha256:60b7239206a2f61ad89c7518adfacb3ccd6662eaa07c5e437317aea2615a1f18"},
    {file = "pydantic_core-2.1.2-cp39-cp39-manylinux_2_5_i686.manylinux1_i686.whl", hash = "sha256:be3419204952bbe9b72b90008977379c52f99ae1c6e640488de4be783c345d71"},
    {file = "pydantic_core-2.1.2-cp39-cp39-musllinux_1_1_aarch64.whl", hash = "sha256:804cf8f6a859620f8eb754c02f7770f61c3e9c519f8338c331d555b3d6976e3c"},
    {file = "pydantic_core-2.1.2-cp39-cp39-musllinux_1_1_x86_64.whl", hash = "sha256:cbba32fb14e199d0493c6b9c44870dab0a9c37af9f0f729068459d1849279ffd"},
    {file = "pydantic_core-2.1.2-cp39-none-win32.whl", hash = "sha256:6bf00f56a4468f5b03dadb672a5f1d24aea303d4ccffe8a0f548c9e36017edd3"},
    {file = "pydantic_core-2.1.2-cp39-none-win_amd64.whl", hash = "sha256:ac462a28218ea7d592c7ad51b517558f4ac6565a4e53db7a4811eeaf9c9660b0"},
    {file = "pydantic_core-2.1.2-pp310-pypy310_pp73-macosx_10_7_x86_64.whl", hash = "sha256:047e782b9918f35ef534ced36f1fd2064f5581229b7a15e4d3177387a6b53134"},
    {file = "pydantic_core-2.1.2-pp310-pypy310_pp73-manylinux_2_17_aarch64.manylinux2014_aarch64.whl", hash = "sha256:8c0213891898fa5b404cf3edf4797e3ac7819a0708ea5473fc6432a2aa27c189"},
    {file = "pydantic_core-2.1.2-pp310-pypy310_pp73-manylinux_2_17_x86_64.manylinux2014_x86_64.whl", hash = "sha256:c0f481aaf0119f77b200e5a5e2799b3e14c015a317eaa948f42263908735cc9f"},
    {file = "pydantic_core-2.1.2-pp310-pypy310_pp73-manylinux_2_5_i686.manylinux1_i686.whl", hash = "sha256:15eb4cb543ed36f6a4f16e3bee7aa7ed1c3757be95a3f3bbb2b82b9887131e0f"},
    {file = "pydantic_core-2.1.2-pp310-pypy310_pp73-musllinux_1_1_aarch64.whl", hash = "sha256:ef71e73a81a4cd7e87c93e8ff0170140fd93ba33b0f61e83da3f55f6e0a84fb4"},
    {file = "pydantic_core-2.1.2-pp310-pypy310_pp73-musllinux_1_1_x86_64.whl", hash = "sha256:840238c845b0f80777151fef0003088ab91c6f7b3467edaff4932b425c4e3c3f"},
    {file = "pydantic_core-2.1.2-pp310-pypy310_pp73-win_amd64.whl", hash = "sha256:7648e48ba263ca0a8a2dc55a60a219c9133fb101ba52c89a14a29fb3d4322ca3"},
    {file = "pydantic_core-2.1.2-pp39-pypy39_pp73-macosx_10_7_x86_64.whl", hash = "sha256:aa54902fa51f7d921ba80923cf1c7ff3dce796a7903300bd8824deb90e357744"},
    {file = "pydantic_core-2.1.2-pp39-pypy39_pp73-manylinux_2_17_aarch64.manylinux2014_aarch64.whl", hash = "sha256:8b9a5fc4058d64c9c826684dcdb43891c1b474a4a88dcf8dfc3e1fb5889496f8"},
    {file = "pydantic_core-2.1.2-pp39-pypy39_pp73-manylinux_2_17_x86_64.manylinux2014_x86_64.whl", hash = "sha256:817681d111cb65f07d46496eafec815f48e1aff37713b73135a0a9eb4d3610ab"},
    {file = "pydantic_core-2.1.2-pp39-pypy39_pp73-manylinux_2_5_i686.manylinux1_i686.whl", hash = "sha256:0b5d37aedea5963f2097bddbcdb255483191646a52d40d8bb66d61c190fcac91"},
    {file = "pydantic_core-2.1.2-pp39-pypy39_pp73-musllinux_1_1_aarch64.whl", hash = "sha256:f2de65752fff248319bcd3b29da24e205fa505607539fcd4acc4037355175b63"},
    {file = "pydantic_core-2.1.2-pp39-pypy39_pp73-musllinux_1_1_x86_64.whl", hash = "sha256:a8b9c2cc4c5f8169b943d24be4bd1548fe81c016d704126e3a3124a2fc164885"},
    {file = "pydantic_core-2.1.2-pp39-pypy39_pp73-win_amd64.whl", hash = "sha256:f7bcdf70c8b6e70be11c78d3c00b80a24cccfb408128f23e91ec3019bed1ecc1"},
    {file = "pydantic_core-2.1.2.tar.gz", hash = "sha256:d2c790f0d928b672484eac4f5696dd0b78f3d6d148a641ea196eb49c0875e30a"},
]
pygments = [
    {file = "Pygments-2.15.1-py3-none-any.whl", hash = "sha256:db2db3deb4b4179f399a09054b023b6a586b76499d36965813c71aa8ed7b5fd1"},
    {file = "Pygments-2.15.1.tar.gz", hash = "sha256:8ace4d3c1dd481894b2005f560ead0f9f19ee64fe983366be1a21e171d12775c"},
]
python-dateutil = [
    {file = "python-dateutil-2.8.2.tar.gz", hash = "sha256:0123cacc1627ae19ddf3c27a5de5bd67ee4586fbdd6440d9748f8abb483d3e86"},
    {file = "python_dateutil-2.8.2-py2.py3-none-any.whl", hash = "sha256:961d03dc3453ebbc59dbdea9e4e11c5651520a876d0f4db161e8674aae935da9"},
]
pytz = [
    {file = "pytz-2023.3-py2.py3-none-any.whl", hash = "sha256:a151b3abb88eda1d4e34a9814df37de2a80e301e68ba0fd856fb9b46bfbbbffb"},
    {file = "pytz-2023.3.tar.gz", hash = "sha256:1d8ce29db189191fb55338ee6d0387d82ab59f3d00eac103412d64e0ebd0c588"},
]
rich = [
    {file = "rich-13.3.2-py3-none-any.whl", hash = "sha256:a104f37270bf677148d8acb07d33be1569eeee87e2d1beb286a4e9113caf6f2f"},
    {file = "rich-13.3.2.tar.gz", hash = "sha256:91954fe80cfb7985727a467ca98a7618e5dd15178cc2da10f553b36a93859001"},
]
shellingham = [
    {file = "shellingham-1.5.0.tar.gz", hash = "sha256:72fb7f5c63103ca2cb91b23dee0c71fe8ad6fbfd46418ef17dbe40db51592dad"},
]
six = [
    {file = "six-1.16.0-py2.py3-none-any.whl", hash = "sha256:8abb2f1d86890a2dfb989f9a77cfcfd3e47c2a354b01111771326f8aa26e0254"},
    {file = "six-1.16.0.tar.gz", hash = "sha256:1e61c37477a1626458e36f7b1d82aa5c9b094fa4802892072e49de9c60c4c926"},
]
typer = [
    {file = "typer-0.9.0-py3-none-any.whl", hash = "sha256:5d96d986a21493606a358cae4461bd8cdf83cbf33a5aa950ae629ca3b51467ee"},
    {file = "typer-0.9.0.tar.gz", hash = "sha256:50922fd79aea2f4751a8e0408ff10d2662bd0c8bbfa84755a699f3bada2978b2"},
]
typing-extensions = [
    {file = "typing_extensions-4.7.1-py3-none-any.whl", hash = "sha256:440d5dd3af93b060174bf433bccd69b0babc3b15b1a8dca43789fd7f61514b36"},
    {file = "typing_extensions-4.7.1.tar.gz", hash = "sha256:b75ddc264f0ba5615db7ba217daeb99701ad295353c45f9e95963337ceeeffb2"},
]
tzdata = [
    {file = "tzdata-2023.3-py2.py3-none-any.whl", hash = "sha256:7e65763eef3120314099b6939b5546db7adce1e7d6f2e179e3df563c70511eda"},
    {file = "tzdata-2023.3.tar.gz", hash = "sha256:11ef1e08e54acb0d4f95bdb1be05da659673de4acbd21bf9c69e94cc5e907a3a"},
]
